
Microsoft Visual Studio Solution File, Format Version 12.00
# Visual Studio 15
VisualStudioVersion = 15.0.26730.12
MinimumVisualStudioVersion = 10.0.40219.1
Project("{FAE04EC0-301F-11D3-BF4B-00C04F79EFBC}") = "starrestjes methode", "starrestjes methode\starrestjes methode.csproj", "{A05D3FB3-A90C-4A15-9F58-20CF54FE8AFB}"
EndProject
Global
	GlobalSection(SolutionConfigurationPlatforms) = preSolution
		Debug|Any CPU = Debug|Any CPU
		Release|Any CPU = Release|Any CPU
	EndGlobalSection
	GlobalSection(ProjectConfigurationPlatforms) = postSolution
		{A05D3FB3-A90C-4A15-9F58-20CF54FE8AFB}.Debug|Any CPU.ActiveCfg = Debug|Any CPU
		{A05D3FB3-A90C-4A15-9F58-20CF54FE8AFB}.Debug|Any CPU.Build.0 = Debug|Any CPU
		{A05D3FB3-A90C-4A15-9F58-20CF54FE8AFB}.Release|Any CPU.ActiveCfg = Release|Any CPU
		{A05D3FB3-A90C-4A15-9F58-20CF54FE8AFB}.Release|Any CPU.Build.0 = Release|Any CPU
	EndGlobalSection
	GlobalSection(SolutionProperties) = preSolution
		HideSolutionNode = FALSE
	EndGlobalSection
	GlobalSection(ExtensibilityGlobals) = postSolution
		SolutionGuid = {FDCA3E79-2C00-4A1F-8369-13B09B0433BA}
	EndGlobalSection
EndGlobal
